
Microsoft Visual Studio Solution File, Format Version 12.00
# Visual Studio 15
VisualStudioVersion = 15.0.26124.0
MinimumVisualStudioVersion = 15.0.26124.0
Project("{FAE04EC0-301F-11D3-BF4B-00C04F79EFBC}") = "estudoconsole", "estudoconsole\estudoconsole.csproj", "{516A0EE0-91C4-46F0-B6BB-3AEE663A24FE}"
EndProject
Project("{FAE04EC0-301F-11D3-BF4B-00C04F79EFBC}") = "estudoconsole.lib", "estudoconsole.lib\estudoconsole.lib.csproj", "{3103BD1C-C90E-4700-8E01-64B4A2AB1520}"
EndProject
Project("{FAE04EC0-301F-11D3-BF4B-00C04F79EFBC}") = "estudoconsole.interface", "estudoconsole.interface\estudoconsole.interface.csproj", "{95AB2DA1-2CEC-42B6-95B6-EA3FC6CD442D}"
EndProject
Global
	GlobalSection(SolutionConfigurationPlatforms) = preSolution
		Debug|Any CPU = Debug|Any CPU
		Debug|x64 = Debug|x64
		Debug|x86 = Debug|x86
		Release|Any CPU = Release|Any CPU
		Release|x64 = Release|x64
		Release|x86 = Release|x86
	EndGlobalSection
	GlobalSection(SolutionProperties) = preSolution
		HideSolutionNode = FALSE
	EndGlobalSection
	GlobalSection(ProjectConfigurationPlatforms) = postSolution
		{516A0EE0-91C4-46F0-B6BB-3AEE663A24FE}.Debug|Any CPU.ActiveCfg = Debug|Any CPU
		{516A0EE0-91C4-46F0-B6BB-3AEE663A24FE}.Debug|Any CPU.Build.0 = Debug|Any CPU
		{516A0EE0-91C4-46F0-B6BB-3AEE663A24FE}.Debug|x64.ActiveCfg = Debug|Any CPU
		{516A0EE0-91C4-46F0-B6BB-3AEE663A24FE}.Debug|x64.Build.0 = Debug|Any CPU
		{516A0EE0-91C4-46F0-B6BB-3AEE663A24FE}.Debug|x86.ActiveCfg = Debug|Any CPU
		{516A0EE0-91C4-46F0-B6BB-3AEE663A24FE}.Debug|x86.Build.0 = Debug|Any CPU
		{516A0EE0-91C4-46F0-B6BB-3AEE663A24FE}.Release|Any CPU.ActiveCfg = Release|Any CPU
		{516A0EE0-91C4-46F0-B6BB-3AEE663A24FE}.Release|Any CPU.Build.0 = Release|Any CPU
		{516A0EE0-91C4-46F0-B6BB-3AEE663A24FE}.Release|x64.ActiveCfg = Release|Any CPU
		{516A0EE0-91C4-46F0-B6BB-3AEE663A24FE}.Release|x64.Build.0 = Release|Any CPU
		{516A0EE0-91C4-46F0-B6BB-3AEE663A24FE}.Release|x86.ActiveCfg = Release|Any CPU
		{516A0EE0-91C4-46F0-B6BB-3AEE663A24FE}.Release|x86.Build.0 = Release|Any CPU
		{3103BD1C-C90E-4700-8E01-64B4A2AB1520}.Debug|Any CPU.ActiveCfg = Debug|Any CPU
		{3103BD1C-C90E-4700-8E01-64B4A2AB1520}.Debug|Any CPU.Build.0 = Debug|Any CPU
		{3103BD1C-C90E-4700-8E01-64B4A2AB1520}.Debug|x64.ActiveCfg = Debug|Any CPU
		{3103BD1C-C90E-4700-8E01-64B4A2AB1520}.Debug|x64.Build.0 = Debug|Any CPU
		{3103BD1C-C90E-4700-8E01-64B4A2AB1520}.Debug|x86.ActiveCfg = Debug|Any CPU
		{3103BD1C-C90E-4700-8E01-64B4A2AB1520}.Debug|x86.Build.0 = Debug|Any CPU
		{3103BD1C-C90E-4700-8E01-64B4A2AB1520}.Release|Any CPU.ActiveCfg = Release|Any CPU
		{3103BD1C-C90E-4700-8E01-64B4A2AB1520}.Release|Any CPU.Build.0 = Release|Any CPU
		{3103BD1C-C90E-4700-8E01-64B4A2AB1520}.Release|x64.ActiveCfg = Release|Any CPU
		{3103BD1C-C90E-4700-8E01-64B4A2AB1520}.Release|x64.Build.0 = Release|Any CPU
		{3103BD1C-C90E-4700-8E01-64B4A2AB1520}.Release|x86.ActiveCfg = Release|Any CPU
		{3103BD1C-C90E-4700-8E01-64B4A2AB1520}.Release|x86.Build.0 = Release|Any CPU
		{95AB2DA1-2CEC-42B6-95B6-EA3FC6CD442D}.Debug|Any CPU.ActiveCfg = Debug|Any CPU
		{95AB2DA1-2CEC-42B6-95B6-EA3FC6CD442D}.Debug|Any CPU.Build.0 = Debug|Any CPU
		{95AB2DA1-2CEC-42B6-95B6-EA3FC6CD442D}.Debug|x64.ActiveCfg = Debug|Any CPU
		{95AB2DA1-2CEC-42B6-95B6-EA3FC6CD442D}.Debug|x64.Build.0 = Debug|Any CPU
		{95AB2DA1-2CEC-42B6-95B6-EA3FC6CD442D}.Debug|x86.ActiveCfg = Debug|Any CPU
		{95AB2DA1-2CEC-42B6-95B6-EA3FC6CD442D}.Debug|x86.Build.0 = Debug|Any CPU
		{95AB2DA1-2CEC-42B6-95B6-EA3FC6CD442D}.Release|Any CPU.ActiveCfg = Release|Any CPU
		{95AB2DA1-2CEC-42B6-95B6-EA3FC6CD442D}.Release|Any CPU.Build.0 = Release|Any CPU
		{95AB2DA1-2CEC-42B6-95B6-EA3FC6CD442D}.Release|x64.ActiveCfg = Release|Any CPU
		{95AB2DA1-2CEC-42B6-95B6-EA3FC6CD442D}.Release|x64.Build.0 = Release|Any CPU
		{95AB2DA1-2CEC-42B6-95B6-EA3FC6CD442D}.Release|x86.ActiveCfg = Release|Any CPU
		{95AB2DA1-2CEC-42B6-95B6-EA3FC6CD442D}.Release|x86.Build.0 = Release|Any CPU
	EndGlobalSection
EndGlobal
